<?xml version="1.0" encoding="utf-8"?>
<Project ToolsVersion="4.0" xmlns="http://schemas.microsoft.com/developer/msbuild/2003">
  <ItemGroup>
    <ClCompile Include="src\timer.c">
      <Filter>Core</Filter>
    </ClCompile>
    <ClCompile Include="src\texture.c">
      <Filter>Core</Filter>
    </ClCompile>
    <ClCompile Include="src\text.c">
      <Filter>Core</Filter>
    </ClCompile>
    <ClCompile Include="src\sound.c">
      <Filter>Core</Filter>
    </ClCompile>
    <ClCompile Include="src\render.c">
      <Filter>Core</Filter>
    </ClCompile>
    <ClCompile Include="src\main.c">
      <Filter>Core</Filter>
    </ClCompile>
    <ClCompile Include="src\level.c">
      <Filter>Core</Filter>
    </ClCompile>
    <ClCompile Include="src\input.c">
      <Filter>Core</Filter>
    </ClCompile>
    <ClCompile Include="src\hash.c">
      <Filter>Core</Filter>
    </ClCompile>
    <ClCompile Include="src\graphics.c">
      <Filter>Core</Filter>
    </ClCompile>
    <ClCompile Include="src\game.c">
      <Filter>Core</Filter>
    </ClCompile>
    <ClCompile Include="src\collision.c">
      <Filter>Core</Filter>
    </ClCompile>
    <ClCompile Include="src\camera.c">
      <Filter>Core</Filter>
    </ClCompile>
    <ClCompile Include="src\actor.c">
      <Filter>Core</Filter>
    </ClCompile>
    <ClCompile Include="src\button.c">
      <Filter>Menu</Filter>
    </ClCompile>
    <ClCompile Include="src\menu.c">
      <Filter>Menu</Filter>
    </ClCompile>
    <ClCompile Include="src\sprite.c">
      <Filter>Core</Filter>
    </ClCompile>
    <ClCompile Include="src\stack.c">
      <Filter>Menu</Filter>
    </ClCompile>
    <ClCompile Include="src\includes\map.c">
      <Filter>Core</Filter>
    </ClCompile>
    <ClCompile Include="src\text_box.c">
      <Filter>Menu</Filter>
    </ClCompile>
    <ClCompile Include="src\animation.c">
      <Filter>Core</Filter>
    </ClCompile>
    <ClCompile Include="src\includes\object.c">
      <Filter>Core</Filter>
    </ClCompile>
    <ClCompile Include="src\includes\path.c">
      <Filter>Core</Filter>
    </ClCompile>
    <ClCompile Include="vector.c">
      <Filter>Core</Filter>
    </ClCompile>
  </ItemGroup>
  <ItemGroup>
    <Filter Include="Core">
      <UniqueIdentifier>{6b96d4ae-8e7a-423d-b8d3-7563f04902b8}</UniqueIdentifier>
    </Filter>
    <Filter Include="Core\Header Files">
      <UniqueIdentifier>{b808352c-067e-42cc-be4b-a6b30acba429}</UniqueIdentifier>
    </Filter>
    <Filter Include="Menu">
      <UniqueIdentifier>{c67035a3-d25e-4c66-b090-98b9a8d70184}</UniqueIdentifier>
    </Filter>
    <Filter Include="Menu\Header Files">
      <UniqueIdentifier>{ddee6f31-b059-4f64-920a-d8a12c440def}</UniqueIdentifier>
    </Filter>
  </ItemGroup>
  <ItemGroup>
    <ClInclude Include="src\includes\actor.h">
      <Filter>Core\Header Files</Filter>
    </ClInclude>
    <ClInclude Include="src\includes\camera.h">
      <Filter>Core\Header Files</Filter>
    </ClInclude>
    <ClInclude Include="src\includes\collision.h">
      <Filter>Core\Header Files</Filter>
    </ClInclude>
    <ClInclude Include="src\includes\common.h">
      <Filter>Core\Header Files</Filter>
    </ClInclude>
    <ClInclude Include="src\includes\config.h">
      <Filter>Core\Header Files</Filter>
    </ClInclude>
    <ClInclude Include="src\includes\game.h">
      <Filter>Core\Header Files</Filter>
    </ClInclude>
    <ClInclude Include="src\includes\graphics.h">
      <Filter>Core\Header Files</Filter>
    </ClInclude>
    <ClInclude Include="src\includes\hash.h">
      <Filter>Core\Header Files</Filter>
    </ClInclude>
    <ClInclude Include="src\includes\input.h">
      <Filter>Core\Header Files</Filter>
    </ClInclude>
    <ClInclude Include="src\includes\level.h">
      <Filter>Core\Header Files</Filter>
    </ClInclude>
    <ClInclude Include="src\includes\physics.h">
      <Filter>Core\Header Files</Filter>
    </ClInclude>
    <ClInclude Include="src\includes\render.h">
      <Filter>Core\Header Files</Filter>
    </ClInclude>
    <ClInclude Include="src\includes\sound.h">
      <Filter>Core\Header Files</Filter>
    </ClInclude>
    <ClInclude Include="src\includes\text.h">
      <Filter>Core\Header Files</Filter>
    </ClInclude>
    <ClInclude Include="src\includes\texture.h">
      <Filter>Core\Header Files</Filter>
    </ClInclude>
    <ClInclude Include="src\includes\button.h">
      <Filter>Menu\Header Files</Filter>
    </ClInclude>
    <ClInclude Include="src\includes\menu.h">
      <Filter>Menu\Header Files</Filter>
    </ClInclude>
    <ClInclude Include="src\includes\animation.h">
      <Filter>Core\Header Files</Filter>
    </ClInclude>
    <ClInclude Include="src\includes\sprite.h">
      <Filter>Core\Header Files</Filter>
    </ClInclude>
    <ClInclude Include="src\includes\stack.h">
      <Filter>Menu\Header Files</Filter>
    </ClInclude>
    <ClInclude Include="src\includes\map.h">
      <Filter>Core\Header Files</Filter>
    </ClInclude>
    <ClInclude Include="src\includes\text_box.h">
      <Filter>Menu\Header Files</Filter>
    </ClInclude>
    <ClInclude Include="src\includes\object.h">
      <Filter>Core\Header Files</Filter>
    </ClInclude>
    <ClInclude Include="src\includes\vector.h">
      <Filter>Core\Header Files</Filter>
    </ClInclude>
    <ClInclude Include="src\includes\timer.h">
      <Filter>Core\Header Files</Filter>
    </ClInclude>
    <ClInclude Include="src\includes\path.h">
      <Filter>Core\Header Files</Filter>
    </ClInclude>
  </ItemGroup>
</Project>